// !$*UTF8*$!
{
	archiveVersion = 1;
	classes = {
	};
	objectVersion = 48;
	objects = {

/* Begin PBXBuildFile section */
		5891897E202C73ED000BF04A /* main.swift in Sources */ = {isa = PBXBuildFile; fileRef = 5891897D202C73ED000BF04A /* main.swift */; };
		58918985202C744C000BF04A /* INTP.swift in Sources */ = {isa = PBXBuildFile; fileRef = 58918984202C744C000BF04A /* INTP.swift */; };
		58918987202C7569000BF04A /* UserInput.swift in Sources */ = {isa = PBXBuildFile; fileRef = 58918986202C7569000BF04A /* UserInput.swift */; };
		58918989202C7650000BF04A /* INTPDetail.swift in Sources */ = {isa = PBXBuildFile; fileRef = 58918988202C7650000BF04A /* INTPDetail.swift */; };
/* End PBXBuildFile section */

/* Begin PBXCopyFilesBuildPhase section */
		58918978202C73ED000BF04A /* CopyFiles */ = {
			isa = PBXCopyFilesBuildPhase;
			buildActionMask = 2147483647;
			dstPath = /usr/share/man/man1/;
			dstSubfolderSpec = 0;
			files = (
			);
			runOnlyForDeploymentPostprocessing = 1;
		};
/* End PBXCopyFilesBuildPhase section */

/* Begin PBXFileReference section */
		5891897A202C73ED000BF04A /* FamousPeopleWithINTPGameOOP */ = {isa = PBXFileReference; explicitFileType = "compiled.mach-o.executable"; includeInIndex = 0; path = FamousPeopleWithINTPGameOOP; sourceTree = BUILT_PRODUCTS_DIR; };
		5891897D202C73ED000BF04A /* main.swift */ = {isa = PBXFileReference; lastKnownFileType = sourcecode.swift; path = main.swift; sourceTree = "<group>"; };
		58918984202C744C000BF04A /* INTP.swift */ = {isa = PBXFileReference; lastKnownFileType = sourcecode.swift; path = INTP.swift; sourceTree = "<group>"; };
		58918986202C7569000BF04A /* UserInput.swift */ = {isa = PBXFileReference; lastKnownFileType = sourcecode.swift; path = UserInput.swift; sourceTree = "<group>"; };
		58918988202C7650000BF04A /* INTPDetail.swift */ = {isa = PBXFileReference; lastKnownFileType = sourcecode.swift; path = INTPDetail.swift; sourceTree = "<group>"; };
/* End PBXFileReference section */

/* Begin PBXFrameworksBuildPhase section */
		58918977202C73ED000BF04A /* Frameworks */ = {
			isa = PBXFrameworksBuildPhase;
			buildActionMask = 2147483647;
			files = (
			);
			runOnlyForDeploymentPostprocessing = 0;
		};
/* End PBXFrameworksBuildPhase section */

/* Begin PBXGroup section */
		58918971202C73ED000BF04A = {
			isa = PBXGroup;
			children = (
				5891897C202C73ED000BF04A /* FamousPeopleWithINTPGameOOP */,
				5891897B202C73ED000BF04A /* Products */,
			);
			sourceTree = "<group>";
		};
		5891897B202C73ED000BF04A /* Products */ = {
			isa = PBXGroup;
			children = (
				5891897A202C73ED000BF04A /* FamousPeopleWithINTPGameOOP */,
			);
			name = Products;
			sourceTree = "<group>";
		};
		5891897C202C73ED000BF04A /* FamousPeopleWithINTPGameOOP */ = {
			isa = PBXGroup;
			children = (
				5891897D202C73ED000BF04A /* main.swift */,
				58918984202C744C000BF04A /* INTP.swift */,
				58918988202C7650000BF04A /* INTPDetail.swift */,
				58918986202C7569000BF04A /* UserInput.swift */,
			);
			path = FamousPeopleWithINTPGameOOP;
			sourceTree = "<group>";
		};
/* End PBXGroup section */

/* Begin PBXNativeTarget section */
		58918979202C73ED000BF04A /* FamousPeopleWithINTPGameOOP */ = {
			isa = PBXNativeTarget;
			buildConfigurationList = 58918981202C73ED000BF04A /* Build configuration list for PBXNativeTarget "FamousPeopleWithINTPGameOOP" */;
			buildPhases = (
				58918976202C73ED000BF04A /* Sources */,
				58918977202C73ED000BF04A /* Frameworks */,
				58918978202C73ED000BF04A /* CopyFiles */,
			);
			buildRules = (
			);
			dependencies = (
			);
			name = FamousPeopleWithINTPGameOOP;
			productName = FamousPeopleWithINTPGameOOP;
			productReference = 5891897A202C73ED000BF04A /* FamousPeopleWithINTPGameOOP */;
			productType = "com.apple.product-type.tool";
		};
/* End PBXNativeTarget section */

/* Begin PBXProject section */
		58918972202C73ED000BF04A /* Project object */ = {
			isa = PBXProject;
			attributes = {
				LastSwiftUpdateCheck = 0910;
				LastUpgradeCheck = 0910;
				ORGANIZATIONNAME = Jalloh;
				TargetAttributes = {
					58918979202C73ED000BF04A = {
						CreatedOnToolsVersion = 9.1;
						ProvisioningStyle = Automatic;
					};
				};
			};
			buildConfigurationList = 58918975202C73ED000BF04A /* Build configuration list for PBXProject "FamousPeopleWithINTPGameOOP" */;
			compatibilityVersion = "Xcode 8.0";
			developmentRegion = en;
			hasScannedForEncodings = 0;
			knownRegions = (
				en,
			);
			mainGroup = 58918971202C73ED000BF04A;
			productRefGroup = 5891897B202C73ED000BF04A /* Products */;
			projectDirPath = "";
			projectRoot = "";
			targets = (
				58918979202C73ED000BF04A /* FamousPeopleWithINTPGameOOP */,
			);
		};
/* End PBXProject section */

/* Begin PBXSourcesBuildPhase section */
		58918976202C73ED000BF04A /* Sources */ = {
			isa = PBXSourcesBuildPhase;
			buildActionMask = 2147483647;
			files = (
				58918985202C744C000BF04A /* INTP.swift in Sources */,
				58918989202C7650000BF04A /* INTPDetail.swift in Sources */,
				58918987202C7569000BF04A /* UserInput.swift in Sources */,
				5891897E202C73ED000BF04A /* main.swift in Sources */,
			);
			runOnlyForDeploymentPostprocessing = 0;
		};
/* End PBXSourcesBuildPhase section */

/* Begin XCBuildConfiguration section */
		5891897F202C73ED000BF04A /* Debug */ = {
			isa = XCBuildConfiguration;
			buildSettings = {
				ALWAYS_SEARCH_USER_PATHS = NO;
				CLANG_ANALYZER_NONNULL = YES;
				CLANG_ANALYZER_NUMBER_OBJECT_CONVERSION = YES_AGGRESSIVE;
				CLANG_CXX_LANGUAGE_STANDARD = "gnu++14";
				CLANG_CXX_LIBRARY = "libc++";
				CLANG_ENABLE_MODULES = YES;
				CLANG_ENABLE_OBJC_ARC = YES;
				CLANG_WARN_BLOCK_CAPTURE_AUTORELEASING = YES;
				CLANG_WARN_BOOL_CONVERSION = YES;
				CLANG_WARN_COMMA = YES;
				CLANG_WARN_CONSTANT_CONVERSION = YES;
				CLANG_WARN_DIRECT_OBJC_ISA_USAGE = YES_ERROR;
				CLANG_WARN_DOCUMENTATION_COMMENTS = YES;
				CLANG_WARN_EMPTY_BODY = YES;
				CLANG_WARN_ENUM_CONVERSION = YES;
				CLANG_WARN_INFINITE_RECURSION = YES;
				CLANG_WARN_INT_CONVERSION = YES;
				CLANG_WARN_NON_LITERAL_NULL_CONVERSION = YES;
				CLANG_WARN_OBJC_LITERAL_CONVERSION = YES;
				CLANG_WARN_OBJC_ROOT_CLASS = YES_ERROR;
				CLANG_WARN_RANGE_LOOP_ANALYSIS = YES;
				CLANG_WARN_STRICT_PROTOTYPES = YES;
				CLANG_WARN_SUSPICIOUS_MOVE = YES;
				CLANG_WARN_UNGUARDED_AVAILABILITY = YES_AGGRESSIVE;
				CLANG_WARN_UNREACHABLE_CODE = YES;
				CLANG_WARN__DUPLICATE_METHOD_MATCH = YES;
				CODE_SIGN_IDENTITY = "-";
				COPY_PHASE_STRIP = NO;
				DEBUG_INFORMATION_FORMAT = dwarf;
				ENABLE_STRICT_OBJC_MSGSEND = YES;
				ENABLE_TESTABILITY = YES;
				GCC_C_LANGUAGE_STANDARD = gnu11;
				GCC_DYNAMIC_NO_PIC = NO;
				GCC_NO_COMMON_BLOCKS = YES;
				GCC_OPTIMIZATION_LEVEL = 0;
				GCC_PREPROCESSOR_DEFINITIONS = (
					"DEBUG=1",
					"$(inherited)",
				);
				GCC_WARN_64_TO_32_BIT_CONVERSION = YES;
				GCC_WARN_ABOUT_RETURN_TYPE = YES_ERROR;
				GCC_WARN_UNDECLARED_SELECTOR = YES;
				GCC_WARN_UNINITIALIZED_AUTOS = YES_AGGRESSIVE;
				GCC_WARN_UNUSED_FUNCTION = YES;
				GCC_WARN_UNUSED_VARIABLE = YES;
				MACOSX_DEPLOYMENT_TARGET = 10.13;
				MTL_ENABLE_DEBUG_INFO = YES;
				ONLY_ACTIVE_ARCH = YES;
				SDKROOT = macosx;
				SWIFT_ACTIVE_COMPILATION_CONDITIONS = DEBUG;
				SWIFT_OPTIMIZATION_LEVEL = "-Onone";
			};
			name = Debug;
		};
		58918980202C73ED000BF04A /* Release */ = {
			isa = XCBuildConfiguration;
			buildSettings = {
				ALWAYS_SEARCH_USER_PATHS = NO;
				CLANG_ANALYZER_NONNULL = YES;
				CLANG_ANALYZER_NUMBER_OBJECT_CONVERSION = YES_AGGRESSIVE;
				CLANG_CXX_LANGUAGE_STANDARD = "gnu++14";
				CLANG_CXX_LIBRARY = "libc++";
				CLANG_ENABLE_MODULES = YES;
				CLANG_ENABLE_OBJC_ARC = YES;
				CLANG_WARN_BLOCK_CAPTURE_AUTORELEASING = YES;
				CLANG_WARN_BOOL_CONVERSION = YES;
				CLANG_WARN_COMMA = YES;
				CLANG_WARN_CONSTANT_CONVERSION = YES;
				CLANG_WARN_DIRECT_OBJC_ISA_USAGE = YES_ERROR;
				CLANG_WARN_DOCUMENTATION_COMMENTS = YES;
				CLANG_WARN_EMPTY_BODY = YES;
				CLANG_WARN_ENUM_CONVERSION = YES;
				CLANG_WARN_INFINITE_RECURSION = YES;
				CLANG_WARN_INT_CONVERSION = YES;
				CLANG_WARN_NON_LITERAL_NULL_CONVERSION = YES;
				CLANG_WARN_OBJC_LITERAL_CONVERSION = YES;
				CLANG_WARN_OBJC_ROOT_CLASS = YES_ERROR;
				CLANG_WARN_RANGE_LOOP_ANALYSIS = YES;
				CLANG_WARN_STRICT_PROTOTYPES = YES;
				CLANG_WARN_SUSPICIOUS_MOVE = YES;
				CLANG_WARN_UNGUARDED_AVAILABILITY = YES_AGGRESSIVE;
				CLANG_WARN_UNREACHABLE_CODE = YES;
				CLANG_WARN__DUPLICATE_METHOD_MATCH = YES;
				CODE_SIGN_IDENTITY = "-";
				COPY_PHASE_STRIP = NO;
				DEBUG_INFORMATION_FORMAT = "dwarf-with-dsym";
				ENABLE_NS_ASSERTIONS = NO;
				ENABLE_STRICT_OBJC_MSGSEND = YES;
				GCC_C_LANGUAGE_STANDARD = gnu11;
				GCC_NO_COMMON_BLOCKS = YES;
				GCC_WARN_64_TO_32_BIT_CONVERSION = YES;
				GCC_WARN_ABOUT_RETURN_TYPE = YES_ERROR;
				GCC_WARN_UNDECLARED_SELECTOR = YES;
				GCC_WARN_UNINITIALIZED_AUTOS = YES_AGGRESSIVE;
				GCC_WARN_UNUSED_FUNCTION = YES;
				GCC_WARN_UNUSED_VARIABLE = YES;
				MACOSX_DEPLOYMENT_TARGET = 10.13;
				MTL_ENABLE_DEBUG_INFO = NO;
				SDKROOT = macosx;
				SWIFT_OPTIMIZATION_LEVEL = "-Owholemodule";
			};
			name = Release;
		};
		58918982202C73ED000BF04A /* Debug */ = {
			isa = XCBuildConfiguration;
			buildSettings = {
				CODE_SIGN_STYLE = Automatic;
				PRODUCT_NAME = "$(TARGET_NAME)";
				SWIFT_VERSION = 4.0;
			};
			name = Debug;
		};
		58918983202C73ED000BF04A /* Release */ = {
			isa = XCBuildConfiguration;
			buildSettings = {
				CODE_SIGN_STYLE = Automatic;
				PRODUCT_NAME = "$(TARGET_NAME)";
				SWIFT_VERSION = 4.0;
			};
			name = Release;
		};
/* End XCBuildConfiguration section */

/* Begin XCConfigurationList section */
		58918975202C73ED000BF04A /* Build configuration list for PBXProject "FamousPeopleWithINTPGameOOP" */ = {
			isa = XCConfigurationList;
			buildConfigurations = (
				5891897F202C73ED000BF04A /* Debug */,
				58918980202C73ED000BF04A /* Release */,
			);
			defaultConfigurationIsVisible = 0;
			defaultConfigurationName = Release;
		};
		58918981202C73ED000BF04A /* Build configuration list for PBXNativeTarget "FamousPeopleWithINTPGameOOP" */ = {
			isa = XCConfigurationList;
			buildConfigurations = (
				58918982202C73ED000BF04A /* Debug */,
				58918983202C73ED000BF04A /* Release */,
			);
			defaultConfigurationIsVisible = 0;
			defaultConfigurationName = Release;
		};
/* End XCConfigurationList section */
	};
	rootObject = 58918972202C73ED000BF04A /* Project object */;
}
